
Microsoft Visual Studio Solution File, Format Version 12.00
# Visual Studio Version 17
VisualStudioVersion = 17.14.36429.23
MinimumVisualStudioVersion = 10.0.40219.1
Project("{FAE04EC0-301F-11D3-BF4B-00C04F79EFBC}") = "DBFirst", "CoursaServer\DBFirst.csproj", "{7D9B9228-9A04-46BC-A1AB-EE0249FF948F}"
EndProject
Project("{FAE04EC0-301F-11D3-BF4B-00C04F79EFBC}") = "WebApiServer", "WebApiServer\WebApiServer.csproj", "{3E591015-BB7E-41E8-8E29-1DDC0979B786}"
EndProject
Project("{FAE04EC0-301F-11D3-BF4B-00C04F79EFBC}") = "Repository", "Repository\Repository.csproj", "{A99DEBA6-E1FB-46B5-92BD-D2AA2C7D7483}"
EndProject
Project("{FAE04EC0-301F-11D3-BF4B-00C04F79EFBC}") = "Common", "Common\Common.csproj", "{A4C69463-8AC3-40B5-9FEF-18DBD096E3FB}"
EndProject
Project("{FAE04EC0-301F-11D3-BF4B-00C04F79EFBC}") = "Service", "Service\Service.csproj", "{BFD924C2-6DA9-42BA-A6CD-C7258A3132D8}"
EndProject
Global
	GlobalSection(SolutionConfigurationPlatforms) = preSolution
		Debug|Any CPU = Debug|Any CPU
		Release|Any CPU = Release|Any CPU
	EndGlobalSection
	GlobalSection(ProjectConfigurationPlatforms) = postSolution
		{7D9B9228-9A04-46BC-A1AB-EE0249FF948F}.Debug|Any CPU.ActiveCfg = Debug|Any CPU
		{7D9B9228-9A04-46BC-A1AB-EE0249FF948F}.Debug|Any CPU.Build.0 = Debug|Any CPU
		{7D9B9228-9A04-46BC-A1AB-EE0249FF948F}.Release|Any CPU.ActiveCfg = Release|Any CPU
		{7D9B9228-9A04-46BC-A1AB-EE0249FF948F}.Release|Any CPU.Build.0 = Release|Any CPU
		{3E591015-BB7E-41E8-8E29-1DDC0979B786}.Debug|Any CPU.ActiveCfg = Debug|Any CPU
		{3E591015-BB7E-41E8-8E29-1DDC0979B786}.Debug|Any CPU.Build.0 = Debug|Any CPU
		{3E591015-BB7E-41E8-8E29-1DDC0979B786}.Release|Any CPU.ActiveCfg = Release|Any CPU
		{3E591015-BB7E-41E8-8E29-1DDC0979B786}.Release|Any CPU.Build.0 = Release|Any CPU
		{A99DEBA6-E1FB-46B5-92BD-D2AA2C7D7483}.Debug|Any CPU.ActiveCfg = Debug|Any CPU
		{A99DEBA6-E1FB-46B5-92BD-D2AA2C7D7483}.Debug|Any CPU.Build.0 = Debug|Any CPU
		{A99DEBA6-E1FB-46B5-92BD-D2AA2C7D7483}.Release|Any CPU.ActiveCfg = Release|Any CPU
		{A99DEBA6-E1FB-46B5-92BD-D2AA2C7D7483}.Release|Any CPU.Build.0 = Release|Any CPU
		{A4C69463-8AC3-40B5-9FEF-18DBD096E3FB}.Debug|Any CPU.ActiveCfg = Debug|Any CPU
		{A4C69463-8AC3-40B5-9FEF-18DBD096E3FB}.Debug|Any CPU.Build.0 = Debug|Any CPU
		{A4C69463-8AC3-40B5-9FEF-18DBD096E3FB}.Release|Any CPU.ActiveCfg = Release|Any CPU
		{A4C69463-8AC3-40B5-9FEF-18DBD096E3FB}.Release|Any CPU.Build.0 = Release|Any CPU
		{BFD924C2-6DA9-42BA-A6CD-C7258A3132D8}.Debug|Any CPU.ActiveCfg = Debug|Any CPU
		{BFD924C2-6DA9-42BA-A6CD-C7258A3132D8}.Debug|Any CPU.Build.0 = Debug|Any CPU
		{BFD924C2-6DA9-42BA-A6CD-C7258A3132D8}.Release|Any CPU.ActiveCfg = Release|Any CPU
		{BFD924C2-6DA9-42BA-A6CD-C7258A3132D8}.Release|Any CPU.Build.0 = Release|Any CPU
	EndGlobalSection
	GlobalSection(SolutionProperties) = preSolution
		HideSolutionNode = FALSE
	EndGlobalSection
	GlobalSection(ExtensibilityGlobals) = postSolution
		SolutionGuid = {D1E90371-7155-404D-8B8A-6C1812F268F9}
	EndGlobalSection
EndGlobal
